Microsoft Visual Studio Solution File, Format Version 11.00
# Visual Studio 2017

Project("{8BC9CEB8-8B4A-11D0-8D11-00A0C91BC942}") = "protoplug_fx - VST", "protoplug_fx_VST.vcxproj", "{CC05A495-82A6-9D76-0090-C2B643790FF6}"
	ProjectSection(ProjectDependencies) = postProject
		{F6CDFA5F-C736-4662-27CD-FBE9078E83D0} = {F6CDFA5F-C736-4662-27CD-FBE9078E83D0}
	EndProjectSection
EndProject
Project("{8BC9CEB8-8B4A-11D0-8D11-00A0C91BC942}") = "protoplug_fx - Shared Code", "protoplug_fx_SharedCode.vcxproj", "{F6CDFA5F-C736-4662-27CD-FBE9078E83D0}"
EndProject
Global
	GlobalSection(SolutionConfigurationPlatforms) = preSolution
		Debug|Win32 = Debug|Win32
		Release|Win32 = Release|Win32
		Release_x64|x64 = Release_x64|x64
	EndGlobalSection
	GlobalSection(ProjectConfigurationPlatforms) = postSolution
		{CC05A495-82A6-9D76-0090-C2B643790FF6}.Debug|Win32.ActiveCfg = Debug|Win32
		{CC05A495-82A6-9D76-0090-C2B643790FF6}.Debug|Win32.Build.0 = Debug|Win32
		{CC05A495-82A6-9D76-0090-C2B643790FF6}.Release|Win32.ActiveCfg = Release|Win32
		{CC05A495-82A6-9D76-0090-C2B643790FF6}.Release|Win32.Build.0 = Release|Win32
		{CC05A495-82A6-9D76-0090-C2B643790FF6}.Release_x64|x64.ActiveCfg = Release_x64|x64
		{CC05A495-82A6-9D76-0090-C2B643790FF6}.Release_x64|x64.Build.0 = Release_x64|x64
		{F6CDFA5F-C736-4662-27CD-FBE9078E83D0}.Debug|Win32.ActiveCfg = Debug|Win32
		{F6CDFA5F-C736-4662-27CD-FBE9078E83D0}.Debug|Win32.Build.0 = Debug|Win32
		{F6CDFA5F-C736-4662-27CD-FBE9078E83D0}.Release|Win32.ActiveCfg = Release|Win32
		{F6CDFA5F-C736-4662-27CD-FBE9078E83D0}.Release|Win32.Build.0 = Release|Win32
		{F6CDFA5F-C736-4662-27CD-FBE9078E83D0}.Release_x64|x64.ActiveCfg = Release_x64|x64
		{F6CDFA5F-C736-4662-27CD-FBE9078E83D0}.Release_x64|x64.Build.0 = Release_x64|x64
	EndGlobalSection
	GlobalSection(SolutionProperties) = preSolution
		HideSolutionNode = FALSE
	EndGlobalSection
EndGlobal
